
Microsoft Visual Studio Solution File, Format Version 12.00
# Visual Studio Version 17
VisualStudioVersion = 17.8.34525.116
MinimumVisualStudioVersion = 10.0.40219.1
Project("{FAE04EC0-301F-11D3-BF4B-00C04F79EFBC}") = "TestSampleAPI", "TestSampleAPI.csproj", "{A5CCD485-01B7-46D7-B932-CD45E4F7A1ED}"
EndProject
Global
	GlobalSection(SolutionConfigurationPlatforms) = preSolution
		Debug|Any CPU = Debug|Any CPU
		Release|Any CPU = Release|Any CPU
	EndGlobalSection
	GlobalSection(ProjectConfigurationPlatforms) = postSolution
		{A5CCD485-01B7-46D7-B932-CD45E4F7A1ED}.Debug|Any CPU.ActiveCfg = Debug|Any CPU
		{A5CCD485-01B7-46D7-B932-CD45E4F7A1ED}.Debug|Any CPU.Build.0 = Debug|Any CPU
		{A5CCD485-01B7-46D7-B932-CD45E4F7A1ED}.Release|Any CPU.ActiveCfg = Release|Any CPU
		{A5CCD485-01B7-46D7-B932-CD45E4F7A1ED}.Release|Any CPU.Build.0 = Release|Any CPU
	EndGlobalSection
	GlobalSection(SolutionProperties) = preSolution
		HideSolutionNode = FALSE
	EndGlobalSection
	GlobalSection(ExtensibilityGlobals) = postSolution
		SolutionGuid = {4F2064D2-0218-4AA8-A0F1-108588855398}
	EndGlobalSection
EndGlobal
